
Microsoft Visual Studio Solution File, Format Version 12.00
# Visual Studio Version 17
VisualStudioVersion = 17.7.34031.279
MinimumVisualStudioVersion = 10.0.40219.1
Project("{FAE04EC0-301F-11D3-BF4B-00C04F79EFBC}") = "zadania_20231216", "zadania_20231216\zadania_20231216.csproj", "{58167A03-0290-4F0C-B1BB-3BF3DDAFE6CD}"
EndProject
Global
	GlobalSection(SolutionConfigurationPlatforms) = preSolution
		Debug|Any CPU = Debug|Any CPU
		Release|Any CPU = Release|Any CPU
	EndGlobalSection
	GlobalSection(ProjectConfigurationPlatforms) = postSolution
		{58167A03-0290-4F0C-B1BB-3BF3DDAFE6CD}.Debug|Any CPU.ActiveCfg = Debug|Any CPU
		{58167A03-0290-4F0C-B1BB-3BF3DDAFE6CD}.Debug|Any CPU.Build.0 = Debug|Any CPU
		{58167A03-0290-4F0C-B1BB-3BF3DDAFE6CD}.Release|Any CPU.ActiveCfg = Release|Any CPU
		{58167A03-0290-4F0C-B1BB-3BF3DDAFE6CD}.Release|Any CPU.Build.0 = Release|Any CPU
	EndGlobalSection
	GlobalSection(SolutionProperties) = preSolution
		HideSolutionNode = FALSE
	EndGlobalSection
	GlobalSection(ExtensibilityGlobals) = postSolution
		SolutionGuid = {508A43BC-A0AC-4225-8A04-44749143AAE9}
	EndGlobalSection
EndGlobal
